{
  "name": "jrfscheduler",
  "version": "1.0.1",
  "lockfileVersion": 1,
  "requires": true,
  "dependencies": {
    "jrftimer": {
      "version": "1.0.4",
      "resolved": "https://registry.npmjs.org/jrftimer/-/jrftimer-1.0.4.tgz",
      "integrity": "sha512-DwYi7fVp94Sl8o/VhADj2yWOUAyUFULlFikjYD1lKjdjRIhG1EG1+cHngm7yVIf/YRvSMaMIYage5lWDopkOWA=="
    }
  }
}
